
Microsoft Visual Studio Solution File, Format Version 12.00
# Visual Studio Version 17
VisualStudioVersion = 17.4.33403.182
MinimumVisualStudioVersion = 10.0.40219.1
Project("{9A19103F-16F7-4668-BE54-9A1E7A4F7556}") = "Booking", "Booking\Booking.csproj", "{4537E41D-D211-48A7-8AC9-6D927B7DE138}"
EndProject
Project("{FAE04EC0-301F-11D3-BF4B-00C04F79EFBC}") = "RepositoryModel", "RepositoryModel\RepositoryModel.csproj", "{28F5C015-E203-4910-9F99-EDFB2514D904}"
EndProject
Project("{FAE04EC0-301F-11D3-BF4B-00C04F79EFBC}") = "RepositoryEF", "RepositoryEF\RepositoryEF.csproj", "{89481B77-39D2-47BB-966E-BE60319BDF40}"
EndProject
Global
	GlobalSection(SolutionConfigurationPlatforms) = preSolution
		Debug|Any CPU = Debug|Any CPU
		Release|Any CPU = Release|Any CPU
	EndGlobalSection
	GlobalSection(ProjectConfigurationPlatforms) = postSolution
		{4537E41D-D211-48A7-8AC9-6D927B7DE138}.Debug|Any CPU.ActiveCfg = Debug|Any CPU
		{4537E41D-D211-48A7-8AC9-6D927B7DE138}.Debug|Any CPU.Build.0 = Debug|Any CPU
		{4537E41D-D211-48A7-8AC9-6D927B7DE138}.Release|Any CPU.ActiveCfg = Release|Any CPU
		{4537E41D-D211-48A7-8AC9-6D927B7DE138}.Release|Any CPU.Build.0 = Release|Any CPU
		{28F5C015-E203-4910-9F99-EDFB2514D904}.Debug|Any CPU.ActiveCfg = Debug|Any CPU
		{28F5C015-E203-4910-9F99-EDFB2514D904}.Debug|Any CPU.Build.0 = Debug|Any CPU
		{28F5C015-E203-4910-9F99-EDFB2514D904}.Release|Any CPU.ActiveCfg = Release|Any CPU
		{28F5C015-E203-4910-9F99-EDFB2514D904}.Release|Any CPU.Build.0 = Release|Any CPU
		{89481B77-39D2-47BB-966E-BE60319BDF40}.Debug|Any CPU.ActiveCfg = Debug|Any CPU
		{89481B77-39D2-47BB-966E-BE60319BDF40}.Debug|Any CPU.Build.0 = Debug|Any CPU
		{89481B77-39D2-47BB-966E-BE60319BDF40}.Release|Any CPU.ActiveCfg = Release|Any CPU
		{89481B77-39D2-47BB-966E-BE60319BDF40}.Release|Any CPU.Build.0 = Release|Any CPU
	EndGlobalSection
	GlobalSection(SolutionProperties) = preSolution
		HideSolutionNode = FALSE
	EndGlobalSection
	GlobalSection(ExtensibilityGlobals) = postSolution
		SolutionGuid = {C3E9F93C-30E2-4B98-87D8-22C12B116D88}
	EndGlobalSection
EndGlobal
